{
  "version": 4,
  "terraform_version": "1.12.0",
  "serial": 85,
  "lineage": "e6eab4e6-a612-83f1-c67d-243e8e9d1332",
  "outputs": {
    "db_private_ip": {
      "value": "10.0.3.4",
      "type": "string"
    },
    "key_vault_name": {
      "value": "my3tier-rg-kv",
      "type": "string"
    },
    "ssh_command": {
      "value": "ssh azureuser@172.191.32.13",
      "type": "string"
    },
    "web_lb_public_ip": {
      "value": "172.191.32.13",
      "type": "string"
    }
  },
  "resources": [
    {
      "mode": "data",
      "type": "azurerm_client_config",
      "name": "current",
      "provider": "provider[\"registry.terraform.io/hashicorp/azurerm\"]",
      "instances": [
        {
          "schema_version": 0,
          "attributes": {
            "client_id": "04b07795-8ddb-461a-bbee-02f9e1bf7b46",
            "id": "Y2xpZW50Q29uZmlncy9jbGllbnRJZD0wNGIwNzc5NS04ZGRiLTQ2MWEtYmJlZS0wMmY5ZTFiZjdiNDY7b2JqZWN0SWQ9NTllODExYWQtOWFhYy00MTYxLTlkYjMtYjAyMzNhZTE0MmJiO3N1YnNjcmlwdGlvbklkPTE4NjcxMDAyLWFiN2QtNDExOC05MTM3LTZlYTg0OWY2YWU2NTt0ZW5hbnRJZD1lYTJhNmExNC0wOGY4LTRhYWEtOWI2Yy01M2YzZTQyMTk5YjQ=",
            "object_id": "59e811ad-9aac-4161-9db3-b0233ae142bb",
            "subscription_id": "18671002-ab7d-4118-9137-6ea849f6ae65",
            "tenant_id": "ea2a6a14-08f8-4aaa-9b6c-53f3e42199b4",
            "timeouts": null
          },
          "sensitive_attributes": [],
          "identity_schema_version": 0
        }
      ]
    },
    {
      "mode": "managed",
      "type": "azurerm_key_vault",
      "name": "main",
      "provider": "provider[\"registry.terraform.io/hashicorp/azurerm\"]",
      "instances": [
        {
          "schema_version": 2,
          "attributes": {
            "access_policy": [
              {
                "application_id": "",
                "certificate_permissions": null,
                "key_permissions": null,
                "object_id": "59e811ad-9aac-4161-9db3-b0233ae142bb",
                "secret_permissions": [
                  "Get",
                  "List",
                  "Set",
                  "Delete",
                  "Recover",
                  "Backup",
                  "Restore",
                  "Purge"
                ],
                "storage_permissions": null,
                "tenant_id": "ea2a6a14-08f8-4aaa-9b6c-53f3e42199b4"
              }
            ],
            "contact": [],
            "enable_rbac_authorization": false,
            "enabled_for_deployment": false,
            "enabled_for_disk_encryption": true,
            "enabled_for_template_deployment": false,
            "id": "/subscriptions/18671002-ab7d-4118-9137-6ea849f6ae65/resourceGroups/my3tier-rg/providers/Microsoft.KeyVault/vaults/my3tier-rg-kv",
            "location": "eastus",
            "name": "my3tier-rg-kv",
            "network_acls": [
              {
                "bypass": "AzureServices",
                "default_action": "Allow",
                "ip_rules": [],
                "virtual_network_subnet_ids": []
              }
            ],
            "public_network_access_enabled": true,
            "purge_protection_enabled": false,
            "resource_group_name": "my3tier-rg",
            "sku_name": "standard",
            "soft_delete_retention_days": 90,
            "tags": {
              "environment": "dev",
              "project": "3tier-terraform"
            },
            "tenant_id": "ea2a6a14-08f8-4aaa-9b6c-53f3e42199b4",
            "timeouts": null,
            "vault_uri": "https://my3tier-rg-kv.vault.azure.net/"
          },
          "sensitive_attributes": [],
          "identity_schema_version": 0,
          "private": "eyJlMmJmYjczMC1lY2FhLTExZTYtOGY4OC0zNDM2M2JjN2M0YzAiOnsiY3JlYXRlIjoxODAwMDAwMDAwMDAwLCJkZWxldGUiOjE4MDAwMDAwMDAwMDAsInJlYWQiOjMwMDAwMDAwMDAwMCwidXBkYXRlIjoxODAwMDAwMDAwMDAwfSwic2NoZW1hX3ZlcnNpb24iOiIyIn0=",
          "dependencies": [
            "azurerm_resource_group.main",
            "data.azurerm_client_config.current"
          ]
        }
      ]
    },
    {
      "mode": "managed",
      "type": "azurerm_key_vault_secret",
      "name": "ssh_public_key",
      "provider": "provider[\"registry.terraform.io/hashicorp/azurerm\"]",
      "instances": [
        {
          "schema_version": 0,
          "attributes": {
            "content_type": "",
            "expiration_date": null,
            "id": "https://my3tier-rg-kv.vault.azure.net/secrets/ssh-public-key/ead1fdf91b72483d9e3cb4d6b69a7b95",
            "key_vault_id": "/subscriptions/18671002-ab7d-4118-9137-6ea849f6ae65/resourceGroups/my3tier-rg/providers/Microsoft.KeyVault/vaults/my3tier-rg-kv",
            "name": "ssh-public-key",
            "not_before_date": null,
            "resource_id": "/subscriptions/18671002-ab7d-4118-9137-6ea849f6ae65/resourceGroups/my3tier-rg/providers/Microsoft.KeyVault/vaults/my3tier-rg-kv/secrets/ssh-public-key/versions/ead1fdf91b72483d9e3cb4d6b69a7b95",
            "resource_versionless_id": "/subscriptions/18671002-ab7d-4118-9137-6ea849f6ae65/resourceGroups/my3tier-rg/providers/Microsoft.KeyVault/vaults/my3tier-rg-kv/secrets/ssh-public-key",
            "tags": null,
            "timeouts": null,
            "value": "ssh-rsa AAAAB3NzaC1yc2EAAAADAQABAAACAQCM252UgJoZ+RNOf9Wvk0Ne8ycibXPvYPw6bTBMAQWW8WVUISTradP7KZh1bK/TSXO7x83NFufqpXImiENaGHMHUglABDSnGYes0qXYHz1E4CsMgITlD1WJ4ic6TkPRgWj9oE3U+P/AN3KRusVmZPBFSZZEZAcDOXR01u6M+lGe3OiyxCmeiVbsihf6c/2gIZsoHFYPt/anWUltqflGjwOe1XttLfqFPNsUrwV4x1g9qXYk3m+ZfdYAG8C77Qs7ot0u6L6pwRVGeRvvAIhgWKmxLYzCgFR9SF3PBCFiaDkZDrVT2xWFvwRXuKRdz1IpQJ53/3rJNjVj0MrAPuB39bv6o/+udo6t0c2X18h71XUYJwpjf7hUvMm3T+2IfN+57uHTJQ5MBIPZioIp/nsHm4uul9Lz0qDFqKsqP+GEwuz2SfWNbnj3RURXN2mWAXwoKbwkttmphVmMkqjiGq54I1l9WK/hSOHH68AW16nNpvF4qSraBw5kHqYaxGeBNVAZsE69O7QtVbLGtTvXKqToEI67xcIbuOyUZ18cvJ7BAAkZqsNu5RWj/sZDt8Kv1waq9UNOXvlJ+4Tf4Rqs0KtdDQTae/zqLl5nLvZDqmMGF89fpyqb0x53Rfmaf1JEOYSO13SB5MUg2LcRGeTpoxUu7scIzk2h+PqP1eMnVNb0hv2JaQ== sudeepgiri31@gmail.com",
            "version": "ead1fdf91b72483d9e3cb4d6b69a7b95",
            "versionless_id": "https://my3tier-rg-kv.vault.azure.net/secrets/ssh-public-key"
          },
          "sensitive_attributes": [
            [
              {
                "type": "get_attr",
                "value": "value"
              }
            ]
          ],
          "identity_schema_version": 0,
          "private": "eyJlMmJmYjczMC1lY2FhLTExZTYtOGY4OC0zNDM2M2JjN2M0YzAiOnsiY3JlYXRlIjoxODAwMDAwMDAwMDAwLCJkZWxldGUiOjE4MDAwMDAwMDAwMDAsInJlYWQiOjE4MDAwMDAwMDAwMDAsInVwZGF0ZSI6MTgwMDAwMDAwMDAwMH19",
          "dependencies": [
            "azurerm_key_vault.main",
            "azurerm_resource_group.main",
            "data.azurerm_client_config.current"
          ]
        }
      ]
    },
    {
      "mode": "managed",
      "type": "azurerm_lb",
      "name": "app",
      "provider": "provider[\"registry.terraform.io/hashicorp/azurerm\"]",
      "instances": [
        {
          "schema_version": 0,
          "attributes": {
            "edge_zone": "",
            "frontend_ip_configuration": [
              {
                "gateway_load_balancer_frontend_ip_configuration_id": "",
                "id": "/subscriptions/18671002-ab7d-4118-9137-6ea849f6ae65/resourceGroups/my3tier-rg/providers/Microsoft.Network/loadBalancers/app-int-lb/frontendIPConfigurations/InternalIPAddress",
                "inbound_nat_rules": [],
                "load_balancer_rules": [],
                "name": "InternalIPAddress",
                "outbound_rules": [],
                "private_ip_address": "10.0.2.4",
                "private_ip_address_allocation": "Dynamic",
                "private_ip_address_version": "IPv4",
                "public_ip_address_id": "",
                "public_ip_prefix_id": "",
                "subnet_id": "/subscriptions/18671002-ab7d-4118-9137-6ea849f6ae65/resourceGroups/my3tier-rg/providers/Microsoft.Network/virtualNetworks/my3tier-vnet/subnets/app-subnet",
                "zones": null
              }
            ],
            "id": "/subscriptions/18671002-ab7d-4118-9137-6ea849f6ae65/resourceGroups/my3tier-rg/providers/Microsoft.Network/loadBalancers/app-int-lb",
            "location": "eastus",
            "name": "app-int-lb",
            "private_ip_address": "10.0.2.4",
            "private_ip_addresses": [
              "10.0.2.4"
            ],
            "resource_group_name": "my3tier-rg",
            "sku": "Standard",
            "sku_tier": "Regional",
            "tags": {
              "environment": "dev",
              "project": "3tier-terraform"
            },
            "timeouts": null
          },
          "sensitive_attributes": [],
          "identity_schema_version": 0,
          "private": "eyJlMmJmYjczMC1lY2FhLTExZTYtOGY4OC0zNDM2M2JjN2M0YzAiOnsiY3JlYXRlIjoxODAwMDAwMDAwMDAwLCJkZWxldGUiOjE4MDAwMDAwMDAwMDAsInJlYWQiOjMwMDAwMDAwMDAwMCwidXBkYXRlIjoxODAwMDAwMDAwMDAwfX0=",
          "dependencies": [
            "azurerm_resource_group.main",
            "azurerm_subnet.app",
            "azurerm_virtual_network.main"
          ]
        }
      ]
    },
    {
      "mode": "managed",
      "type": "azurerm_lb",
      "name": "web",
      "provider": "provider[\"registry.terraform.io/hashicorp/azurerm\"]",
      "instances": [
        {
          "schema_version": 0,
          "attributes": {
            "edge_zone": "",
            "frontend_ip_configuration": [
              {
                "gateway_load_balancer_frontend_ip_configuration_id": "",
                "id": "/subscriptions/18671002-ab7d-4118-9137-6ea849f6ae65/resourceGroups/my3tier-rg/providers/Microsoft.Network/loadBalancers/web-pub-lb/frontendIPConfigurations/PublicIPAddress",
                "inbound_nat_rules": [],
                "load_balancer_rules": [],
                "name": "PublicIPAddress",
                "outbound_rules": [],
                "private_ip_address": "",
                "private_ip_address_allocation": "Dynamic",
                "private_ip_address_version": "",
                "public_ip_address_id": "/subscriptions/18671002-ab7d-4118-9137-6ea849f6ae65/resourceGroups/my3tier-rg/providers/Microsoft.Network/publicIPAddresses/my3tier-rg-web-ip",
                "public_ip_prefix_id": "",
                "subnet_id": "",
                "zones": null
              }
            ],
            "id": "/subscriptions/18671002-ab7d-4118-9137-6ea849f6ae65/resourceGroups/my3tier-rg/providers/Microsoft.Network/loadBalancers/web-pub-lb",
            "location": "eastus",
            "name": "web-pub-lb",
            "private_ip_address": "",
            "private_ip_addresses": [],
            "resource_group_name": "my3tier-rg",
            "sku": "Standard",
            "sku_tier": "Regional",
            "tags": {
              "environment": "dev",
              "project": "3tier-terraform"
            },
            "timeouts": null
          },
          "sensitive_attributes": [],
          "identity_schema_version": 0,
          "private": "eyJlMmJmYjczMC1lY2FhLTExZTYtOGY4OC0zNDM2M2JjN2M0YzAiOnsiY3JlYXRlIjoxODAwMDAwMDAwMDAwLCJkZWxldGUiOjE4MDAwMDAwMDAwMDAsInJlYWQiOjMwMDAwMDAwMDAwMCwidXBkYXRlIjoxODAwMDAwMDAwMDAwfX0=",
          "dependencies": [
            "azurerm_public_ip.web",
            "azurerm_resource_group.main"
          ]
        }
      ]
    },
    {
      "mode": "managed",
      "type": "azurerm_lb_backend_address_pool",
      "name": "app",
      "provider": "provider[\"registry.terraform.io/hashicorp/azurerm\"]",
      "instances": [
        {
          "schema_version": 0,
          "attributes": {
            "backend_ip_configurations": [],
            "id": "/subscriptions/18671002-ab7d-4118-9137-6ea849f6ae65/resourceGroups/my3tier-rg/providers/Microsoft.Network/loadBalancers/app-int-lb/backendAddressPools/AppBackendPool",
            "inbound_nat_rules": [],
            "load_balancing_rules": [],
            "loadbalancer_id": "/subscriptions/18671002-ab7d-4118-9137-6ea849f6ae65/resourceGroups/my3tier-rg/providers/Microsoft.Network/loadBalancers/app-int-lb",
            "name": "AppBackendPool",
            "outbound_rules": [],
            "timeouts": null,
            "tunnel_interface": [],
            "virtual_network_id": ""
          },
          "sensitive_attributes": [],
          "identity_schema_version": 0,
          "private": "eyJlMmJmYjczMC1lY2FhLTExZTYtOGY4OC0zNDM2M2JjN2M0YzAiOnsiY3JlYXRlIjoxODAwMDAwMDAwMDAwLCJkZWxldGUiOjE4MDAwMDAwMDAwMDAsInJlYWQiOjMwMDAwMDAwMDAwMCwidXBkYXRlIjoxODAwMDAwMDAwMDAwfX0=",
          "dependencies": [
            "azurerm_lb.app",
            "azurerm_resource_group.main",
            "azurerm_subnet.app",
            "azurerm_virtual_network.main"
          ]
        }
      ]
    },
    {
      "mode": "managed",
      "type": "azurerm_lb_backend_address_pool",
      "name": "web",
      "provider": "provider[\"registry.terraform.io/hashicorp/azurerm\"]",
      "instances": [
        {
          "schema_version": 0,
          "attributes": {
            "backend_ip_configurations": [],
            "id": "/subscriptions/18671002-ab7d-4118-9137-6ea849f6ae65/resourceGroups/my3tier-rg/providers/Microsoft.Network/loadBalancers/web-pub-lb/backendAddressPools/WebBackendPool",
            "inbound_nat_rules": [],
            "load_balancing_rules": [],
            "loadbalancer_id": "/subscriptions/18671002-ab7d-4118-9137-6ea849f6ae65/resourceGroups/my3tier-rg/providers/Microsoft.Network/loadBalancers/web-pub-lb",
            "name": "WebBackendPool",
            "outbound_rules": [],
            "timeouts": null,
            "tunnel_interface": [],
            "virtual_network_id": ""
          },
          "sensitive_attributes": [],
          "identity_schema_version": 0,
          "private": "eyJlMmJmYjczMC1lY2FhLTExZTYtOGY4OC0zNDM2M2JjN2M0YzAiOnsiY3JlYXRlIjoxODAwMDAwMDAwMDAwLCJkZWxldGUiOjE4MDAwMDAwMDAwMDAsInJlYWQiOjMwMDAwMDAwMDAwMCwidXBkYXRlIjoxODAwMDAwMDAwMDAwfX0=",
          "dependencies": [
            "azurerm_lb.web",
            "azurerm_public_ip.web",
            "azurerm_resource_group.main"
          ]
        }
      ]
    },
    {
      "mode": "managed",
      "type": "azurerm_lb_probe",
      "name": "app",
      "provider": "provider[\"registry.terraform.io/hashicorp/azurerm\"]",
      "instances": [
        {
          "schema_version": 0,
          "attributes": {
            "id": "/subscriptions/18671002-ab7d-4118-9137-6ea849f6ae65/resourceGroups/my3tier-rg/providers/Microsoft.Network/loadBalancers/app-int-lb/probes/TCP-Probe",
            "interval_in_seconds": 15,
            "load_balancer_rules": [],
            "loadbalancer_id": "/subscriptions/18671002-ab7d-4118-9137-6ea849f6ae65/resourceGroups/my3tier-rg/providers/Microsoft.Network/loadBalancers/app-int-lb",
            "name": "TCP-Probe",
            "number_of_probes": 2,
            "port": 8080,
            "probe_threshold": 1,
            "protocol": "Tcp",
            "request_path": "",
            "timeouts": null
          },
          "sensitive_attributes": [],
          "identity_schema_version": 0,
          "private": "eyJlMmJmYjczMC1lY2FhLTExZTYtOGY4OC0zNDM2M2JjN2M0YzAiOnsiY3JlYXRlIjoxODAwMDAwMDAwMDAwLCJkZWxldGUiOjE4MDAwMDAwMDAwMDAsInJlYWQiOjMwMDAwMDAwMDAwMCwidXBkYXRlIjoxODAwMDAwMDAwMDAwfX0=",
          "dependencies": [
            "azurerm_lb.app",
            "azurerm_resource_group.main",
            "azurerm_subnet.app",
            "azurerm_virtual_network.main"
          ]
        }
      ]
    },
    {
      "mode": "managed",
      "type": "azurerm_lb_probe",
      "name": "web",
      "provider": "provider[\"registry.terraform.io/hashicorp/azurerm\"]",
      "instances": [
        {
          "schema_version": 0,
          "attributes": {
            "id": "/subscriptions/18671002-ab7d-4118-9137-6ea849f6ae65/resourceGroups/my3tier-rg/providers/Microsoft.Network/loadBalancers/web-pub-lb/probes/HTTP-Probe",
            "interval_in_seconds": 15,
            "load_balancer_rules": [],
            "loadbalancer_id": "/subscriptions/18671002-ab7d-4118-9137-6ea849f6ae65/resourceGroups/my3tier-rg/providers/Microsoft.Network/loadBalancers/web-pub-lb",
            "name": "HTTP-Probe",
            "number_of_probes": 2,
            "port": 80,
            "probe_threshold": 1,
            "protocol": "Http",
            "request_path": "/",
            "timeouts": null
          },
          "sensitive_attributes": [],
          "identity_schema_version": 0,
          "private": "eyJlMmJmYjczMC1lY2FhLTExZTYtOGY4OC0zNDM2M2JjN2M0YzAiOnsiY3JlYXRlIjoxODAwMDAwMDAwMDAwLCJkZWxldGUiOjE4MDAwMDAwMDAwMDAsInJlYWQiOjMwMDAwMDAwMDAwMCwidXBkYXRlIjoxODAwMDAwMDAwMDAwfX0=",
          "dependencies": [
            "azurerm_lb.web",
            "azurerm_public_ip.web",
            "azurerm_resource_group.main"
          ]
        }
      ]
    },
    {
      "mode": "managed",
      "type": "azurerm_lb_rule",
      "name": "app",
      "provider": "provider[\"registry.terraform.io/hashicorp/azurerm\"]",
      "instances": [
        {
          "schema_version": 0,
          "attributes": {
            "backend_address_pool_ids": [
              "/subscriptions/18671002-ab7d-4118-9137-6ea849f6ae65/resourceGroups/my3tier-rg/providers/Microsoft.Network/loadBalancers/app-int-lb/backendAddressPools/AppBackendPool"
            ],
            "backend_port": 8080,
            "disable_outbound_snat": false,
            "enable_floating_ip": false,
            "enable_tcp_reset": false,
            "frontend_ip_configuration_id": "/subscriptions/18671002-ab7d-4118-9137-6ea849f6ae65/resourceGroups/my3tier-rg/providers/Microsoft.Network/loadBalancers/app-int-lb/frontendIPConfigurations/InternalIPAddress",
            "frontend_ip_configuration_name": "InternalIPAddress",
            "frontend_port": 8080,
            "id": "/subscriptions/18671002-ab7d-4118-9137-6ea849f6ae65/resourceGroups/my3tier-rg/providers/Microsoft.Network/loadBalancers/app-int-lb/loadBalancingRules/AppPort",
            "idle_timeout_in_minutes": 4,
            "load_distribution": "Default",
            "loadbalancer_id": "/subscriptions/18671002-ab7d-4118-9137-6ea849f6ae65/resourceGroups/my3tier-rg/providers/Microsoft.Network/loadBalancers/app-int-lb",
            "name": "AppPort",
            "probe_id": "/subscriptions/18671002-ab7d-4118-9137-6ea849f6ae65/resourceGroups/my3tier-rg/providers/Microsoft.Network/loadBalancers/app-int-lb/probes/TCP-Probe",
            "protocol": "Tcp",
            "timeouts": null
          },
          "sensitive_attributes": [],
          "identity_schema_version": 0,
          "private": "eyJlMmJmYjczMC1lY2FhLTExZTYtOGY4OC0zNDM2M2JjN2M0YzAiOnsiY3JlYXRlIjoxODAwMDAwMDAwMDAwLCJkZWxldGUiOjE4MDAwMDAwMDAwMDAsInJlYWQiOjMwMDAwMDAwMDAwMCwidXBkYXRlIjoxODAwMDAwMDAwMDAwfX0=",
          "dependencies": [
            "azurerm_lb.app",
            "azurerm_lb_backend_address_pool.app",
            "azurerm_lb_probe.app",
            "azurerm_resource_group.main",
            "azurerm_subnet.app",
            "azurerm_virtual_network.main"
          ]
        }
      ]
    },
    {
      "mode": "managed",
      "type": "azurerm_lb_rule",
      "name": "web",
      "provider": "provider[\"registry.terraform.io/hashicorp/azurerm\"]",
      "instances": [
        {
          "schema_version": 0,
          "attributes": {
            "backend_address_pool_ids": [
              "/subscriptions/18671002-ab7d-4118-9137-6ea849f6ae65/resourceGroups/my3tier-rg/providers/Microsoft.Network/loadBalancers/web-pub-lb/backendAddressPools/WebBackendPool"
            ],
            "backend_port": 80,
            "disable_outbound_snat": false,
            "enable_floating_ip": false,
            "enable_tcp_reset": false,
            "frontend_ip_configuration_id": "/subscriptions/18671002-ab7d-4118-9137-6ea849f6ae65/resourceGroups/my3tier-rg/providers/Microsoft.Network/loadBalancers/web-pub-lb/frontendIPConfigurations/PublicIPAddress",
            "frontend_ip_configuration_name": "PublicIPAddress",
            "frontend_port": 80,
            "id": "/subscriptions/18671002-ab7d-4118-9137-6ea849f6ae65/resourceGroups/my3tier-rg/providers/Microsoft.Network/loadBalancers/web-pub-lb/loadBalancingRules/HTTP",
            "idle_timeout_in_minutes": 4,
            "load_distribution": "Default",
            "loadbalancer_id": "/subscriptions/18671002-ab7d-4118-9137-6ea849f6ae65/resourceGroups/my3tier-rg/providers/Microsoft.Network/loadBalancers/web-pub-lb",
            "name": "HTTP",
            "probe_id": "/subscriptions/18671002-ab7d-4118-9137-6ea849f6ae65/resourceGroups/my3tier-rg/providers/Microsoft.Network/loadBalancers/web-pub-lb/probes/HTTP-Probe",
            "protocol": "Tcp",
            "timeouts": null
          },
          "sensitive_attributes": [],
          "identity_schema_version": 0,
          "private": "eyJlMmJmYjczMC1lY2FhLTExZTYtOGY4OC0zNDM2M2JjN2M0YzAiOnsiY3JlYXRlIjoxODAwMDAwMDAwMDAwLCJkZWxldGUiOjE4MDAwMDAwMDAwMDAsInJlYWQiOjMwMDAwMDAwMDAwMCwidXBkYXRlIjoxODAwMDAwMDAwMDAwfX0=",
          "dependencies": [
            "azurerm_lb.web",
            "azurerm_lb_backend_address_pool.web",
            "azurerm_lb_probe.web",
            "azurerm_public_ip.web",
            "azurerm_resource_group.main"
          ]
        }
      ]
    },
    {
      "mode": "managed",
      "type": "azurerm_linux_virtual_machine",
      "name": "db",
      "provider": "provider[\"registry.terraform.io/hashicorp/azurerm\"]",
      "instances": [
        {
          "schema_version": 0,
          "attributes": {
            "additional_capabilities": [],
            "admin_password": null,
            "admin_ssh_key": [
              {
                "public_key": "ssh-rsa AAAAB3NzaC1yc2EAAAADAQABAAACAQCM252UgJoZ+RNOf9Wvk0Ne8ycibXPvYPw6bTBMAQWW8WVUISTradP7KZh1bK/TSXO7x83NFufqpXImiENaGHMHUglABDSnGYes0qXYHz1E4CsMgITlD1WJ4ic6TkPRgWj9oE3U+P/AN3KRusVmZPBFSZZEZAcDOXR01u6M+lGe3OiyxCmeiVbsihf6c/2gIZsoHFYPt/anWUltqflGjwOe1XttLfqFPNsUrwV4x1g9qXYk3m+ZfdYAG8C77Qs7ot0u6L6pwRVGeRvvAIhgWKmxLYzCgFR9SF3PBCFiaDkZDrVT2xWFvwRXuKRdz1IpQJ53/3rJNjVj0MrAPuB39bv6o/+udo6t0c2X18h71XUYJwpjf7hUvMm3T+2IfN+57uHTJQ5MBIPZioIp/nsHm4uul9Lz0qDFqKsqP+GEwuz2SfWNbnj3RURXN2mWAXwoKbwkttmphVmMkqjiGq54I1l9WK/hSOHH68AW16nNpvF4qSraBw5kHqYaxGeBNVAZsE69O7QtVbLGtTvXKqToEI67xcIbuOyUZ18cvJ7BAAkZqsNu5RWj/sZDt8Kv1waq9UNOXvlJ+4Tf4Rqs0KtdDQTae/zqLl5nLvZDqmMGF89fpyqb0x53Rfmaf1JEOYSO13SB5MUg2LcRGeTpoxUu7scIzk2h+PqP1eMnVNb0hv2JaQ== sudeepgiri31@gmail.com\n",
                "username": "azureuser"
              }
            ],
            "admin_username": "azureuser",
            "allow_extension_operations": true,
            "availability_set_id": "",
            "boot_diagnostics": [],
            "bypass_platform_safety_checks_on_user_schedule_enabled": false,
            "capacity_reservation_group_id": "",
            "computer_name": "my3tier-rg-db-vm",
            "custom_data": null,
            "dedicated_host_group_id": "",
            "dedicated_host_id": "",
            "disable_password_authentication": true,
            "edge_zone": "",
            "encryption_at_host_enabled": false,
            "eviction_policy": "",
            "extensions_time_budget": "PT1H30M",
            "gallery_application": [],
            "id": "/subscriptions/18671002-ab7d-4118-9137-6ea849f6ae65/resourceGroups/my3tier-rg/providers/Microsoft.Compute/virtualMachines/my3tier-rg-db-vm",
            "identity": [],
            "license_type": "",
            "location": "eastus",
            "max_bid_price": -1,
            "name": "my3tier-rg-db-vm",
            "network_interface_ids": [
              "/subscriptions/18671002-ab7d-4118-9137-6ea849f6ae65/resourceGroups/my3tier-rg/providers/Microsoft.Network/networkInterfaces/my3tier-rg-db-nic"
            ],
            "os_disk": [
              {
                "caching": "ReadWrite",
                "diff_disk_settings": [],
                "disk_encryption_set_id": "",
                "disk_size_gb": 30,
                "name": "my3tier-rg-db-vm_OsDisk_1_e25160c6f57b407ea81a9434297794e7",
                "secure_vm_disk_encryption_set_id": "",
                "security_encryption_type": "",
                "storage_account_type": "Standard_LRS",
                "write_accelerator_enabled": false
              }
            ],
            "patch_assessment_mode": "ImageDefault",
            "patch_mode": "ImageDefault",
            "plan": [],
            "platform_fault_domain": -1,
            "priority": "Regular",
            "private_ip_address": "10.0.3.4",
            "private_ip_addresses": [
              "10.0.3.4"
            ],
            "provision_vm_agent": true,
            "proximity_placement_group_id": "",
            "public_ip_address": "",
            "public_ip_addresses": [],
            "reboot_setting": "",
            "resource_group_name": "my3tier-rg",
            "secret": [],
            "secure_boot_enabled": false,
            "size": "Standard_B1ls",
            "source_image_id": "",
            "source_image_reference": [
              {
                "offer": "0001-com-ubuntu-server-jammy",
                "publisher": "Canonical",
                "sku": "22_04-lts",
                "version": "latest"
              }
            ],
            "tags": null,
            "termination_notification": null,
            "timeouts": null,
            "user_data": "",
            "virtual_machine_id": "1da41596-5899-494f-9e5d-374635933749",
            "virtual_machine_scale_set_id": "",
            "vtpm_enabled": false,
            "zone": ""
          },
          "sensitive_attributes": [
            [
              {
                "type": "get_attr",
                "value": "admin_password"
              }
            ],
            [
              {
                "type": "get_attr",
                "value": "custom_data"
              }
            ]
          ],
          "identity_schema_version": 0,
          "private": "eyJlMmJmYjczMC1lY2FhLTExZTYtOGY4OC0zNDM2M2JjN2M0YzAiOnsiY3JlYXRlIjoyNzAwMDAwMDAwMDAwLCJkZWxldGUiOjI3MDAwMDAwMDAwMDAsInJlYWQiOjMwMDAwMDAwMDAwMCwidXBkYXRlIjoyNzAwMDAwMDAwMDAwfX0=",
          "dependencies": [
            "azurerm_network_interface.db",
            "azurerm_resource_group.main",
            "azurerm_subnet.db",
            "azurerm_virtual_network.main"
          ]
        }
      ]
    },
    {
      "mode": "managed",
      "type": "azurerm_linux_virtual_machine_scale_set",
      "name": "app",
      "provider": "provider[\"registry.terraform.io/hashicorp/azurerm\"]",
      "instances": [
        {
          "schema_version": 0,
          "attributes": {
            "additional_capabilities": [],
            "admin_password": null,
            "admin_ssh_key": [
              {
                "public_key": "ssh-rsa AAAAB3NzaC1yc2EAAAADAQABAAACAQCM252UgJoZ+RNOf9Wvk0Ne8ycibXPvYPw6bTBMAQWW8WVUISTradP7KZh1bK/TSXO7x83NFufqpXImiENaGHMHUglABDSnGYes0qXYHz1E4CsMgITlD1WJ4ic6TkPRgWj9oE3U+P/AN3KRusVmZPBFSZZEZAcDOXR01u6M+lGe3OiyxCmeiVbsihf6c/2gIZsoHFYPt/anWUltqflGjwOe1XttLfqFPNsUrwV4x1g9qXYk3m+ZfdYAG8C77Qs7ot0u6L6pwRVGeRvvAIhgWKmxLYzCgFR9SF3PBCFiaDkZDrVT2xWFvwRXuKRdz1IpQJ53/3rJNjVj0MrAPuB39bv6o/+udo6t0c2X18h71XUYJwpjf7hUvMm3T+2IfN+57uHTJQ5MBIPZioIp/nsHm4uul9Lz0qDFqKsqP+GEwuz2SfWNbnj3RURXN2mWAXwoKbwkttmphVmMkqjiGq54I1l9WK/hSOHH68AW16nNpvF4qSraBw5kHqYaxGeBNVAZsE69O7QtVbLGtTvXKqToEI67xcIbuOyUZ18cvJ7BAAkZqsNu5RWj/sZDt8Kv1waq9UNOXvlJ+4Tf4Rqs0KtdDQTae/zqLl5nLvZDqmMGF89fpyqb0x53Rfmaf1JEOYSO13SB5MUg2LcRGeTpoxUu7scIzk2h+PqP1eMnVNb0hv2JaQ== sudeepgiri31@gmail.com\n",
                "username": "azureuser"
              }
            ],
            "admin_username": "azureuser",
            "automatic_instance_repair": [
              {
                "enabled": false,
                "grace_period": "PT30M"
              }
            ],
            "automatic_os_upgrade_policy": [],
            "boot_diagnostics": [],
            "capacity_reservation_group_id": "",
            "computer_name_prefix": "my3tier-rg-app-vmss",
            "custom_data": null,
            "data_disk": [],
            "disable_password_authentication": true,
            "do_not_run_extensions_on_overprovisioned_machines": false,
            "edge_zone": "",
            "encryption_at_host_enabled": false,
            "eviction_policy": "",
            "extension": [],
            "extension_operations_enabled": true,
            "extensions_time_budget": "PT1H30M",
            "gallery_application": null,
            "gallery_applications": null,
            "health_probe_id": "",
            "host_group_id": null,
            "id": "/subscriptions/18671002-ab7d-4118-9137-6ea849f6ae65/resourceGroups/my3tier-rg/providers/Microsoft.Compute/virtualMachineScaleSets/my3tier-rg-app-vmss",
            "identity": [],
            "instances": 2,
            "location": "eastus",
            "max_bid_price": -1,
            "name": "my3tier-rg-app-vmss",
            "network_interface": [
              {
                "dns_servers": null,
                "enable_accelerated_networking": false,
                "enable_ip_forwarding": false,
                "ip_configuration": [
                  {
                    "application_gateway_backend_address_pool_ids": null,
                    "application_security_group_ids": null,
                    "load_balancer_backend_address_pool_ids": [
                      "/subscriptions/18671002-ab7d-4118-9137-6ea849f6ae65/resourceGroups/my3tier-rg/providers/Microsoft.Network/loadBalancers/app-int-lb/backendAddressPools/AppBackendPool"
                    ],
                    "load_balancer_inbound_nat_rules_ids": null,
                    "name": "internal",
                    "primary": true,
                    "public_ip_address": [],
                    "subnet_id": "/subscriptions/18671002-ab7d-4118-9137-6ea849f6ae65/resourceGroups/my3tier-rg/providers/Microsoft.Network/virtualNetworks/my3tier-vnet/subnets/app-subnet",
                    "version": "IPv4"
                  }
                ],
                "name": "app-nic",
                "network_security_group_id": "",
                "primary": true
              }
            ],
            "os_disk": [
              {
                "caching": "ReadWrite",
                "diff_disk_settings": [],
                "disk_encryption_set_id": "",
                "disk_size_gb": 30,
                "secure_vm_disk_encryption_set_id": "",
                "security_encryption_type": "",
                "storage_account_type": "Standard_LRS",
                "write_accelerator_enabled": false
              }
            ],
            "overprovision": true,
            "plan": [],
            "platform_fault_domain_count": 5,
            "priority": "Regular",
            "provision_vm_agent": true,
            "proximity_placement_group_id": "",
            "resource_group_name": "my3tier-rg",
            "rolling_upgrade_policy": [],
            "scale_in": [
              {
                "force_deletion_enabled": false,
                "rule": "Default"
              }
            ],
            "scale_in_policy": "Default",
            "secret": [],
            "secure_boot_enabled": false,
            "single_placement_group": true,
            "sku": "Standard_B1ls",
            "source_image_id": "",
            "source_image_reference": [
              {
                "offer": "0001-com-ubuntu-server-jammy",
                "publisher": "Canonical",
                "sku": "22_04-lts",
                "version": "latest"
              }
            ],
            "spot_restore": null,
            "tags": {
              "environment": "dev",
              "project": "3tier-terraform"
            },
            "terminate_notification": null,
            "termination_notification": null,
            "timeouts": null,
            "unique_id": "f1c11122-9afb-41a8-b2f0-8b43566b1c32",
            "upgrade_mode": "Manual",
            "user_data": "",
            "vtpm_enabled": false,
            "zone_balance": false,
            "zones": null
          },
          "sensitive_attributes": [
            [
              {
                "type": "get_attr",
                "value": "admin_password"
              }
            ],
            [
              {
                "type": "get_attr",
                "value": "custom_data"
              }
            ]
          ],
          "identity_schema_version": 0,
          "private": "eyJlMmJmYjczMC1lY2FhLTExZTYtOGY4OC0zNDM2M2JjN2M0YzAiOnsiY3JlYXRlIjozNjAwMDAwMDAwMDAwLCJkZWxldGUiOjM2MDAwMDAwMDAwMDAsInJlYWQiOjMwMDAwMDAwMDAwMCwidXBkYXRlIjozNjAwMDAwMDAwMDAwfX0=",
          "dependencies": [
            "azurerm_lb.app",
            "azurerm_lb_backend_address_pool.app",
            "azurerm_resource_group.main",
            "azurerm_subnet.app",
            "azurerm_virtual_network.main"
          ]
        }
      ]
    },
    {
      "mode": "managed",
      "type": "azurerm_linux_virtual_machine_scale_set",
      "name": "web",
      "provider": "provider[\"registry.terraform.io/hashicorp/azurerm\"]",
      "instances": [
        {
          "schema_version": 0,
          "attributes": {
            "additional_capabilities": [],
            "admin_password": null,
            "admin_ssh_key": [
              {
                "public_key": "ssh-rsa AAAAB3NzaC1yc2EAAAADAQABAAACAQCM252UgJoZ+RNOf9Wvk0Ne8ycibXPvYPw6bTBMAQWW8WVUISTradP7KZh1bK/TSXO7x83NFufqpXImiENaGHMHUglABDSnGYes0qXYHz1E4CsMgITlD1WJ4ic6TkPRgWj9oE3U+P/AN3KRusVmZPBFSZZEZAcDOXR01u6M+lGe3OiyxCmeiVbsihf6c/2gIZsoHFYPt/anWUltqflGjwOe1XttLfqFPNsUrwV4x1g9qXYk3m+ZfdYAG8C77Qs7ot0u6L6pwRVGeRvvAIhgWKmxLYzCgFR9SF3PBCFiaDkZDrVT2xWFvwRXuKRdz1IpQJ53/3rJNjVj0MrAPuB39bv6o/+udo6t0c2X18h71XUYJwpjf7hUvMm3T+2IfN+57uHTJQ5MBIPZioIp/nsHm4uul9Lz0qDFqKsqP+GEwuz2SfWNbnj3RURXN2mWAXwoKbwkttmphVmMkqjiGq54I1l9WK/hSOHH68AW16nNpvF4qSraBw5kHqYaxGeBNVAZsE69O7QtVbLGtTvXKqToEI67xcIbuOyUZ18cvJ7BAAkZqsNu5RWj/sZDt8Kv1waq9UNOXvlJ+4Tf4Rqs0KtdDQTae/zqLl5nLvZDqmMGF89fpyqb0x53Rfmaf1JEOYSO13SB5MUg2LcRGeTpoxUu7scIzk2h+PqP1eMnVNb0hv2JaQ== sudeepgiri31@gmail.com\n",
                "username": "azureuser"
              }
            ],
            "admin_username": "azureuser",
            "automatic_instance_repair": [
              {
                "enabled": false,
                "grace_period": "PT30M"
              }
            ],
            "automatic_os_upgrade_policy": [],
            "boot_diagnostics": [],
            "capacity_reservation_group_id": "",
            "computer_name_prefix": "my3tier-rg-web-vmss",
            "custom_data": null,
            "data_disk": [],
            "disable_password_authentication": true,
            "do_not_run_extensions_on_overprovisioned_machines": false,
            "edge_zone": "",
            "encryption_at_host_enabled": false,
            "eviction_policy": "",
            "extension": [],
            "extension_operations_enabled": true,
            "extensions_time_budget": "PT1H30M",
            "gallery_application": null,
            "gallery_applications": null,
            "health_probe_id": "",
            "host_group_id": null,
            "id": "/subscriptions/18671002-ab7d-4118-9137-6ea849f6ae65/resourceGroups/my3tier-rg/providers/Microsoft.Compute/virtualMachineScaleSets/my3tier-rg-web-vmss",
            "identity": [],
            "instances": 2,
            "location": "eastus",
            "max_bid_price": -1,
            "name": "my3tier-rg-web-vmss",
            "network_interface": [
              {
                "dns_servers": null,
                "enable_accelerated_networking": false,
                "enable_ip_forwarding": false,
                "ip_configuration": [
                  {
                    "application_gateway_backend_address_pool_ids": null,
                    "application_security_group_ids": null,
                    "load_balancer_backend_address_pool_ids": [
                      "/subscriptions/18671002-ab7d-4118-9137-6ea849f6ae65/resourceGroups/my3tier-rg/providers/Microsoft.Network/loadBalancers/web-pub-lb/backendAddressPools/WebBackendPool"
                    ],
                    "load_balancer_inbound_nat_rules_ids": null,
                    "name": "internal",
                    "primary": true,
                    "public_ip_address": [],
                    "subnet_id": "/subscriptions/18671002-ab7d-4118-9137-6ea849f6ae65/resourceGroups/my3tier-rg/providers/Microsoft.Network/virtualNetworks/my3tier-vnet/subnets/web-subnet",
                    "version": "IPv4"
                  }
                ],
                "name": "web-nic",
                "network_security_group_id": "",
                "primary": true
              }
            ],
            "os_disk": [
              {
                "caching": "ReadWrite",
                "diff_disk_settings": [],
                "disk_encryption_set_id": "",
                "disk_size_gb": 30,
                "secure_vm_disk_encryption_set_id": "",
                "security_encryption_type": "",
                "storage_account_type": "Standard_LRS",
                "write_accelerator_enabled": false
              }
            ],
            "overprovision": true,
            "plan": [],
            "platform_fault_domain_count": 5,
            "priority": "Regular",
            "provision_vm_agent": true,
            "proximity_placement_group_id": "",
            "resource_group_name": "my3tier-rg",
            "rolling_upgrade_policy": [],
            "scale_in": [
              {
                "force_deletion_enabled": false,
                "rule": "Default"
              }
            ],
            "scale_in_policy": "Default",
            "secret": [],
            "secure_boot_enabled": false,
            "single_placement_group": true,
            "sku": "Standard_B1ls",
            "source_image_id": "",
            "source_image_reference": [
              {
                "offer": "0001-com-ubuntu-server-jammy",
                "publisher": "Canonical",
                "sku": "22_04-lts",
                "version": "latest"
              }
            ],
            "spot_restore": null,
            "tags": {
              "environment": "dev",
              "project": "3tier-terraform"
            },
            "terminate_notification": null,
            "termination_notification": null,
            "timeouts": null,
            "unique_id": "3c61d4b8-c7eb-43dd-8bc5-2db1665d8eb1",
            "upgrade_mode": "Manual",
            "user_data": "",
            "vtpm_enabled": false,
            "zone_balance": false,
            "zones": null
          },
          "sensitive_attributes": [
            [
              {
                "type": "get_attr",
                "value": "admin_password"
              }
            ],
            [
              {
                "type": "get_attr",
                "value": "custom_data"
              }
            ]
          ],
          "identity_schema_version": 0,
          "private": "eyJlMmJmYjczMC1lY2FhLTExZTYtOGY4OC0zNDM2M2JjN2M0YzAiOnsiY3JlYXRlIjozNjAwMDAwMDAwMDAwLCJkZWxldGUiOjM2MDAwMDAwMDAwMDAsInJlYWQiOjMwMDAwMDAwMDAwMCwidXBkYXRlIjozNjAwMDAwMDAwMDAwfX0=",
          "dependencies": [
            "azurerm_lb.web",
            "azurerm_lb_backend_address_pool.web",
            "azurerm_public_ip.web",
            "azurerm_resource_group.main",
            "azurerm_subnet.web",
            "azurerm_virtual_network.main"
          ]
        }
      ]
    },
    {
      "mode": "managed",
      "type": "azurerm_network_interface",
      "name": "db",
      "provider": "provider[\"registry.terraform.io/hashicorp/azurerm\"]",
      "instances": [
        {
          "schema_version": 0,
          "attributes": {
            "applied_dns_servers": [],
            "auxiliary_mode": "",
            "auxiliary_sku": "",
            "dns_servers": [],
            "edge_zone": "",
            "enable_accelerated_networking": false,
            "enable_ip_forwarding": false,
            "id": "/subscriptions/18671002-ab7d-4118-9137-6ea849f6ae65/resourceGroups/my3tier-rg/providers/Microsoft.Network/networkInterfaces/my3tier-rg-db-nic",
            "internal_dns_name_label": "",
            "internal_domain_name_suffix": "eh2wf2zx442u5dagdg5zmq42xh.bx.internal.cloudapp.net",
            "ip_configuration": [
              {
                "gateway_load_balancer_frontend_ip_configuration_id": "",
                "name": "internal",
                "primary": true,
                "private_ip_address": "10.0.3.4",
                "private_ip_address_allocation": "Dynamic",
                "private_ip_address_version": "IPv4",
                "public_ip_address_id": "",
                "subnet_id": "/subscriptions/18671002-ab7d-4118-9137-6ea849f6ae65/resourceGroups/my3tier-rg/providers/Microsoft.Network/virtualNetworks/my3tier-vnet/subnets/db-subnet"
              }
            ],
            "location": "eastus",
            "mac_address": "",
            "name": "my3tier-rg-db-nic",
            "private_ip_address": "10.0.3.4",
            "private_ip_addresses": [
              "10.0.3.4"
            ],
            "resource_group_name": "my3tier-rg",
            "tags": null,
            "timeouts": null,
            "virtual_machine_id": ""
          },
          "sensitive_attributes": [],
          "identity_schema_version": 0,
          "private": "eyJlMmJmYjczMC1lY2FhLTExZTYtOGY4OC0zNDM2M2JjN2M0YzAiOnsiY3JlYXRlIjoxODAwMDAwMDAwMDAwLCJkZWxldGUiOjE4MDAwMDAwMDAwMDAsInJlYWQiOjMwMDAwMDAwMDAwMCwidXBkYXRlIjoxODAwMDAwMDAwMDAwfX0=",
          "dependencies": [
            "azurerm_resource_group.main",
            "azurerm_subnet.db",
            "azurerm_virtual_network.main"
          ]
        }
      ]
    },
    {
      "mode": "managed",
      "type": "azurerm_network_security_group",
      "name": "app",
      "provider": "provider[\"registry.terraform.io/hashicorp/azurerm\"]",
      "instances": [
        {
          "schema_version": 0,
          "attributes": {
            "id": "/subscriptions/18671002-ab7d-4118-9137-6ea849f6ae65/resourceGroups/my3tier-rg/providers/Microsoft.Network/networkSecurityGroups/app-nsg",
            "location": "eastus",
            "name": "app-nsg",
            "resource_group_name": "my3tier-rg",
            "security_rule": [
              {
                "access": "Allow",
                "description": "",
                "destination_address_prefix": "*",
                "destination_address_prefixes": [],
                "destination_application_security_group_ids": [],
                "destination_port_range": "8080",
                "destination_port_ranges": [],
                "direction": "Inbound",
                "name": "AllowAppPort",
                "priority": 100,
                "protocol": "Tcp",
                "source_address_prefix": "10.0.1.0/24",
                "source_address_prefixes": [],
                "source_application_security_group_ids": [],
                "source_port_range": "*",
                "source_port_ranges": []
              }
            ],
            "tags": null,
            "timeouts": null
          },
          "sensitive_attributes": [],
          "identity_schema_version": 0,
          "private": "eyJlMmJmYjczMC1lY2FhLTExZTYtOGY4OC0zNDM2M2JjN2M0YzAiOnsiY3JlYXRlIjoxODAwMDAwMDAwMDAwLCJkZWxldGUiOjE4MDAwMDAwMDAwMDAsInJlYWQiOjMwMDAwMDAwMDAwMCwidXBkYXRlIjoxODAwMDAwMDAwMDAwfX0=",
          "dependencies": [
            "azurerm_resource_group.main"
          ]
        }
      ]
    },
    {
      "mode": "managed",
      "type": "azurerm_network_security_group",
      "name": "db",
      "provider": "provider[\"registry.terraform.io/hashicorp/azurerm\"]",
      "instances": [
        {
          "schema_version": 0,
          "attributes": {
            "id": "/subscriptions/18671002-ab7d-4118-9137-6ea849f6ae65/resourceGroups/my3tier-rg/providers/Microsoft.Network/networkSecurityGroups/db-nsg",
            "location": "eastus",
            "name": "db-nsg",
            "resource_group_name": "my3tier-rg",
            "security_rule": [
              {
                "access": "Allow",
                "description": "",
                "destination_address_prefix": "*",
                "destination_address_prefixes": [],
                "destination_application_security_group_ids": [],
                "destination_port_range": "3306",
                "destination_port_ranges": [],
                "direction": "Inbound",
                "name": "AllowMySQL",
                "priority": 100,
                "protocol": "Tcp",
                "source_address_prefix": "10.0.2.0/24",
                "source_address_prefixes": [],
                "source_application_security_group_ids": [],
                "source_port_range": "*",
                "source_port_ranges": []
              }
            ],
            "tags": null,
            "timeouts": null
          },
          "sensitive_attributes": [],
          "identity_schema_version": 0,
          "private": "eyJlMmJmYjczMC1lY2FhLTExZTYtOGY4OC0zNDM2M2JjN2M0YzAiOnsiY3JlYXRlIjoxODAwMDAwMDAwMDAwLCJkZWxldGUiOjE4MDAwMDAwMDAwMDAsInJlYWQiOjMwMDAwMDAwMDAwMCwidXBkYXRlIjoxODAwMDAwMDAwMDAwfX0=",
          "dependencies": [
            "azurerm_resource_group.main"
          ]
        }
      ]
    },
    {
      "mode": "managed",
      "type": "azurerm_network_security_group",
      "name": "web",
      "provider": "provider[\"registry.terraform.io/hashicorp/azurerm\"]",
      "instances": [
        {
          "schema_version": 0,
          "attributes": {
            "id": "/subscriptions/18671002-ab7d-4118-9137-6ea849f6ae65/resourceGroups/my3tier-rg/providers/Microsoft.Network/networkSecurityGroups/web-nsg",
            "location": "eastus",
            "name": "web-nsg",
            "resource_group_name": "my3tier-rg",
            "security_rule": [
              {
                "access": "Allow",
                "description": "",
                "destination_address_prefix": "*",
                "destination_address_prefixes": [],
                "destination_application_security_group_ids": [],
                "destination_port_range": "22",
                "destination_port_ranges": [],
                "direction": "Inbound",
                "name": "AllowSSH",
                "priority": 110,
                "protocol": "Tcp",
                "source_address_prefix": "*",
                "source_address_prefixes": [],
                "source_application_security_group_ids": [],
                "source_port_range": "*",
                "source_port_ranges": []
              },
              {
                "access": "Allow",
                "description": "",
                "destination_address_prefix": "*",
                "destination_address_prefixes": [],
                "destination_application_security_group_ids": [],
                "destination_port_range": "80",
                "destination_port_ranges": [],
                "direction": "Inbound",
                "name": "AllowHTTP",
                "priority": 100,
                "protocol": "Tcp",
                "source_address_prefix": "*",
                "source_address_prefixes": [],
                "source_application_security_group_ids": [],
                "source_port_range": "*",
                "source_port_ranges": []
              }
            ],
            "tags": null,
            "timeouts": null
          },
          "sensitive_attributes": [],
          "identity_schema_version": 0,
          "private": "eyJlMmJmYjczMC1lY2FhLTExZTYtOGY4OC0zNDM2M2JjN2M0YzAiOnsiY3JlYXRlIjoxODAwMDAwMDAwMDAwLCJkZWxldGUiOjE4MDAwMDAwMDAwMDAsInJlYWQiOjMwMDAwMDAwMDAwMCwidXBkYXRlIjoxODAwMDAwMDAwMDAwfX0=",
          "dependencies": [
            "azurerm_resource_group.main"
          ]
        }
      ]
    },
    {
      "mode": "managed",
      "type": "azurerm_public_ip",
      "name": "web",
      "provider": "provider[\"registry.terraform.io/hashicorp/azurerm\"]",
      "instances": [
        {
          "schema_version": 0,
          "attributes": {
            "allocation_method": "Static",
            "ddos_protection_mode": "VirtualNetworkInherited",
            "ddos_protection_plan_id": null,
            "domain_name_label": null,
            "edge_zone": "",
            "fqdn": null,
            "id": "/subscriptions/18671002-ab7d-4118-9137-6ea849f6ae65/resourceGroups/my3tier-rg/providers/Microsoft.Network/publicIPAddresses/my3tier-rg-web-ip",
            "idle_timeout_in_minutes": 4,
            "ip_address": "172.191.32.13",
            "ip_tags": null,
            "ip_version": "IPv4",
            "location": "eastus",
            "name": "my3tier-rg-web-ip",
            "public_ip_prefix_id": null,
            "resource_group_name": "my3tier-rg",
            "reverse_fqdn": null,
            "sku": "Standard",
            "sku_tier": "Regional",
            "tags": {
              "environment": "dev",
              "project": "3tier-terraform"
            },
            "timeouts": null,
            "zones": null
          },
          "sensitive_attributes": [],
          "identity_schema_version": 0,
          "private": "eyJlMmJmYjczMC1lY2FhLTExZTYtOGY4OC0zNDM2M2JjN2M0YzAiOnsiY3JlYXRlIjoxODAwMDAwMDAwMDAwLCJkZWxldGUiOjE4MDAwMDAwMDAwMDAsInJlYWQiOjMwMDAwMDAwMDAwMCwidXBkYXRlIjoxODAwMDAwMDAwMDAwfX0=",
          "dependencies": [
            "azurerm_resource_group.main"
          ]
        }
      ]
    },
    {
      "mode": "managed",
      "type": "azurerm_resource_group",
      "name": "main",
      "provider": "provider[\"registry.terraform.io/hashicorp/azurerm\"]",
      "instances": [
        {
          "schema_version": 0,
          "attributes": {
            "id": "/subscriptions/18671002-ab7d-4118-9137-6ea849f6ae65/resourceGroups/my3tier-rg",
            "location": "eastus",
            "managed_by": "",
            "name": "my3tier-rg",
            "tags": {
              "environment": "dev",
              "project": "3tier-terraform"
            },
            "timeouts": null
          },
          "sensitive_attributes": [],
          "identity_schema_version": 0,
          "private": "eyJlMmJmYjczMC1lY2FhLTExZTYtOGY4OC0zNDM2M2JjN2M0YzAiOnsiY3JlYXRlIjo1NDAwMDAwMDAwMDAwLCJkZWxldGUiOjU0MDAwMDAwMDAwMDAsInJlYWQiOjMwMDAwMDAwMDAwMCwidXBkYXRlIjo1NDAwMDAwMDAwMDAwfX0="
        }
      ]
    },
    {
      "mode": "managed",
      "type": "azurerm_subnet",
      "name": "app",
      "provider": "provider[\"registry.terraform.io/hashicorp/azurerm\"]",
      "instances": [
        {
          "schema_version": 0,
          "attributes": {
            "address_prefixes": [
              "10.0.2.0/24"
            ],
            "delegation": [],
            "enforce_private_link_endpoint_network_policies": false,
            "enforce_private_link_service_network_policies": false,
            "id": "/subscriptions/18671002-ab7d-4118-9137-6ea849f6ae65/resourceGroups/my3tier-rg/providers/Microsoft.Network/virtualNetworks/my3tier-vnet/subnets/app-subnet",
            "name": "app-subnet",
            "private_endpoint_network_policies_enabled": true,
            "private_link_service_network_policies_enabled": true,
            "resource_group_name": "my3tier-rg",
            "service_endpoint_policy_ids": null,
            "service_endpoints": null,
            "timeouts": null,
            "virtual_network_name": "my3tier-vnet"
          },
          "sensitive_attributes": [],
          "identity_schema_version": 0,
          "private": "eyJlMmJmYjczMC1lY2FhLTExZTYtOGY4OC0zNDM2M2JjN2M0YzAiOnsiY3JlYXRlIjoxODAwMDAwMDAwMDAwLCJkZWxldGUiOjE4MDAwMDAwMDAwMDAsInJlYWQiOjMwMDAwMDAwMDAwMCwidXBkYXRlIjoxODAwMDAwMDAwMDAwfX0=",
          "dependencies": [
            "azurerm_resource_group.main",
            "azurerm_virtual_network.main"
          ]
        }
      ]
    },
    {
      "mode": "managed",
      "type": "azurerm_subnet",
      "name": "db",
      "provider": "provider[\"registry.terraform.io/hashicorp/azurerm\"]",
      "instances": [
        {
          "schema_version": 0,
          "attributes": {
            "address_prefixes": [
              "10.0.3.0/24"
            ],
            "delegation": [],
            "enforce_private_link_endpoint_network_policies": false,
            "enforce_private_link_service_network_policies": false,
            "id": "/subscriptions/18671002-ab7d-4118-9137-6ea849f6ae65/resourceGroups/my3tier-rg/providers/Microsoft.Network/virtualNetworks/my3tier-vnet/subnets/db-subnet",
            "name": "db-subnet",
            "private_endpoint_network_policies_enabled": true,
            "private_link_service_network_policies_enabled": true,
            "resource_group_name": "my3tier-rg",
            "service_endpoint_policy_ids": null,
            "service_endpoints": null,
            "timeouts": null,
            "virtual_network_name": "my3tier-vnet"
          },
          "sensitive_attributes": [],
          "identity_schema_version": 0,
          "private": "eyJlMmJmYjczMC1lY2FhLTExZTYtOGY4OC0zNDM2M2JjN2M0YzAiOnsiY3JlYXRlIjoxODAwMDAwMDAwMDAwLCJkZWxldGUiOjE4MDAwMDAwMDAwMDAsInJlYWQiOjMwMDAwMDAwMDAwMCwidXBkYXRlIjoxODAwMDAwMDAwMDAwfX0=",
          "dependencies": [
            "azurerm_resource_group.main",
            "azurerm_virtual_network.main"
          ]
        }
      ]
    },
    {
      "mode": "managed",
      "type": "azurerm_subnet",
      "name": "web",
      "provider": "provider[\"registry.terraform.io/hashicorp/azurerm\"]",
      "instances": [
        {
          "schema_version": 0,
          "attributes": {
            "address_prefixes": [
              "10.0.1.0/24"
            ],
            "delegation": [],
            "enforce_private_link_endpoint_network_policies": false,
            "enforce_private_link_service_network_policies": false,
            "id": "/subscriptions/18671002-ab7d-4118-9137-6ea849f6ae65/resourceGroups/my3tier-rg/providers/Microsoft.Network/virtualNetworks/my3tier-vnet/subnets/web-subnet",
            "name": "web-subnet",
            "private_endpoint_network_policies_enabled": true,
            "private_link_service_network_policies_enabled": true,
            "resource_group_name": "my3tier-rg",
            "service_endpoint_policy_ids": null,
            "service_endpoints": null,
            "timeouts": null,
            "virtual_network_name": "my3tier-vnet"
          },
          "sensitive_attributes": [],
          "identity_schema_version": 0,
          "private": "eyJlMmJmYjczMC1lY2FhLTExZTYtOGY4OC0zNDM2M2JjN2M0YzAiOnsiY3JlYXRlIjoxODAwMDAwMDAwMDAwLCJkZWxldGUiOjE4MDAwMDAwMDAwMDAsInJlYWQiOjMwMDAwMDAwMDAwMCwidXBkYXRlIjoxODAwMDAwMDAwMDAwfX0=",
          "dependencies": [
            "azurerm_resource_group.main",
            "azurerm_virtual_network.main"
          ]
        }
      ]
    },
    {
      "mode": "managed",
      "type": "azurerm_subnet_network_security_group_association",
      "name": "app",
      "provider": "provider[\"registry.terraform.io/hashicorp/azurerm\"]",
      "instances": [
        {
          "schema_version": 0,
          "attributes": {
            "id": "/subscriptions/18671002-ab7d-4118-9137-6ea849f6ae65/resourceGroups/my3tier-rg/providers/Microsoft.Network/virtualNetworks/my3tier-vnet/subnets/app-subnet",
            "network_security_group_id": "/subscriptions/18671002-ab7d-4118-9137-6ea849f6ae65/resourceGroups/my3tier-rg/providers/Microsoft.Network/networkSecurityGroups/app-nsg",
            "subnet_id": "/subscriptions/18671002-ab7d-4118-9137-6ea849f6ae65/resourceGroups/my3tier-rg/providers/Microsoft.Network/virtualNetworks/my3tier-vnet/subnets/app-subnet",
            "timeouts": null
          },
          "sensitive_attributes": [],
          "identity_schema_version": 0,
          "private": "eyJlMmJmYjczMC1lY2FhLTExZTYtOGY4OC0zNDM2M2JjN2M0YzAiOnsiY3JlYXRlIjoxODAwMDAwMDAwMDAwLCJkZWxldGUiOjE4MDAwMDAwMDAwMDAsInJlYWQiOjMwMDAwMDAwMDAwMH19",
          "dependencies": [
            "azurerm_network_security_group.app",
            "azurerm_resource_group.main",
            "azurerm_subnet.app",
            "azurerm_virtual_network.main"
          ]
        }
      ]
    },
    {
      "mode": "managed",
      "type": "azurerm_subnet_network_security_group_association",
      "name": "db",
      "provider": "provider[\"registry.terraform.io/hashicorp/azurerm\"]",
      "instances": [
        {
          "schema_version": 0,
          "attributes": {
            "id": "/subscriptions/18671002-ab7d-4118-9137-6ea849f6ae65/resourceGroups/my3tier-rg/providers/Microsoft.Network/virtualNetworks/my3tier-vnet/subnets/db-subnet",
            "network_security_group_id": "/subscriptions/18671002-ab7d-4118-9137-6ea849f6ae65/resourceGroups/my3tier-rg/providers/Microsoft.Network/networkSecurityGroups/db-nsg",
            "subnet_id": "/subscriptions/18671002-ab7d-4118-9137-6ea849f6ae65/resourceGroups/my3tier-rg/providers/Microsoft.Network/virtualNetworks/my3tier-vnet/subnets/db-subnet",
            "timeouts": null
          },
          "sensitive_attributes": [],
          "identity_schema_version": 0,
          "private": "eyJlMmJmYjczMC1lY2FhLTExZTYtOGY4OC0zNDM2M2JjN2M0YzAiOnsiY3JlYXRlIjoxODAwMDAwMDAwMDAwLCJkZWxldGUiOjE4MDAwMDAwMDAwMDAsInJlYWQiOjMwMDAwMDAwMDAwMH19",
          "dependencies": [
            "azurerm_network_security_group.db",
            "azurerm_resource_group.main",
            "azurerm_subnet.db",
            "azurerm_virtual_network.main"
          ]
        }
      ]
    },
    {
      "mode": "managed",
      "type": "azurerm_subnet_network_security_group_association",
      "name": "web",
      "provider": "provider[\"registry.terraform.io/hashicorp/azurerm\"]",
      "instances": [
        {
          "schema_version": 0,
          "attributes": {
            "id": "/subscriptions/18671002-ab7d-4118-9137-6ea849f6ae65/resourceGroups/my3tier-rg/providers/Microsoft.Network/virtualNetworks/my3tier-vnet/subnets/web-subnet",
            "network_security_group_id": "/subscriptions/18671002-ab7d-4118-9137-6ea849f6ae65/resourceGroups/my3tier-rg/providers/Microsoft.Network/networkSecurityGroups/web-nsg",
            "subnet_id": "/subscriptions/18671002-ab7d-4118-9137-6ea849f6ae65/resourceGroups/my3tier-rg/providers/Microsoft.Network/virtualNetworks/my3tier-vnet/subnets/web-subnet",
            "timeouts": null
          },
          "sensitive_attributes": [],
          "identity_schema_version": 0,
          "private": "eyJlMmJmYjczMC1lY2FhLTExZTYtOGY4OC0zNDM2M2JjN2M0YzAiOnsiY3JlYXRlIjoxODAwMDAwMDAwMDAwLCJkZWxldGUiOjE4MDAwMDAwMDAwMDAsInJlYWQiOjMwMDAwMDAwMDAwMH19",
          "dependencies": [
            "azurerm_network_security_group.web",
            "azurerm_resource_group.main",
            "azurerm_subnet.web",
            "azurerm_virtual_network.main"
          ]
        }
      ]
    },
    {
      "mode": "managed",
      "type": "azurerm_virtual_network",
      "name": "main",
      "provider": "provider[\"registry.terraform.io/hashicorp/azurerm\"]",
      "instances": [
        {
          "schema_version": 0,
          "attributes": {
            "address_space": [
              "10.0.0.0/16"
            ],
            "bgp_community": "",
            "ddos_protection_plan": [],
            "dns_servers": [],
            "edge_zone": "",
            "encryption": [],
            "flow_timeout_in_minutes": 0,
            "guid": "f362f921-f737-4fb9-8c06-19bf9643dcbf",
            "id": "/subscriptions/18671002-ab7d-4118-9137-6ea849f6ae65/resourceGroups/my3tier-rg/providers/Microsoft.Network/virtualNetworks/my3tier-vnet",
            "location": "eastus",
            "name": "my3tier-vnet",
            "resource_group_name": "my3tier-rg",
            "subnet": [],
            "tags": {
              "environment": "dev",
              "project": "3tier-terraform"
            },
            "timeouts": null
          },
          "sensitive_attributes": [],
          "identity_schema_version": 0,
          "private": "eyJlMmJmYjczMC1lY2FhLTExZTYtOGY4OC0zNDM2M2JjN2M0YzAiOnsiY3JlYXRlIjoxODAwMDAwMDAwMDAwLCJkZWxldGUiOjE4MDAwMDAwMDAwMDAsInJlYWQiOjMwMDAwMDAwMDAwMCwidXBkYXRlIjoxODAwMDAwMDAwMDAwfX0=",
          "dependencies": [
            "azurerm_resource_group.main"
          ]
        }
      ]
    }
  ],
  "check_results": null
}
